
Microsoft Visual Studio Solution File, Format Version 12.00
# Visual Studio 15
VisualStudioVersion = 15.0.27703.2035
MinimumVisualStudioVersion = 10.0.40219.1
Project("{FAE04EC0-301F-11D3-BF4B-00C04F79EFBC}") = "TiendaVirtual", "TiendaVirtual\TiendaVirtual.csproj", "{7797E566-2347-4392-B53C-8808A8B2F78D}"
EndProject
Project("{FAE04EC0-301F-11D3-BF4B-00C04F79EFBC}") = "DAL", "DAL\DAL.csproj", "{79D14A25-134F-4CDA-B3DE-CC5142272914}"
EndProject
Project("{FAE04EC0-301F-11D3-BF4B-00C04F79EFBC}") = "BLL", "BLL\BLL.csproj", "{8B296763-12DB-47A0-90F7-5CA73014F9E4}"
EndProject
Global
	GlobalSection(SolutionConfigurationPlatforms) = preSolution
		Debug|Any CPU = Debug|Any CPU
		Release|Any CPU = Release|Any CPU
	EndGlobalSection
	GlobalSection(ProjectConfigurationPlatforms) = postSolution
		{7797E566-2347-4392-B53C-8808A8B2F78D}.Debug|Any CPU.ActiveCfg = Debug|Any CPU
		{7797E566-2347-4392-B53C-8808A8B2F78D}.Debug|Any CPU.Build.0 = Debug|Any CPU
		{7797E566-2347-4392-B53C-8808A8B2F78D}.Release|Any CPU.ActiveCfg = Release|Any CPU
		{7797E566-2347-4392-B53C-8808A8B2F78D}.Release|Any CPU.Build.0 = Release|Any CPU
		{79D14A25-134F-4CDA-B3DE-CC5142272914}.Debug|Any CPU.ActiveCfg = Debug|Any CPU
		{79D14A25-134F-4CDA-B3DE-CC5142272914}.Debug|Any CPU.Build.0 = Debug|Any CPU
		{79D14A25-134F-4CDA-B3DE-CC5142272914}.Release|Any CPU.ActiveCfg = Release|Any CPU
		{79D14A25-134F-4CDA-B3DE-CC5142272914}.Release|Any CPU.Build.0 = Release|Any CPU
		{8B296763-12DB-47A0-90F7-5CA73014F9E4}.Debug|Any CPU.ActiveCfg = Debug|Any CPU
		{8B296763-12DB-47A0-90F7-5CA73014F9E4}.Debug|Any CPU.Build.0 = Debug|Any CPU
		{8B296763-12DB-47A0-90F7-5CA73014F9E4}.Release|Any CPU.ActiveCfg = Release|Any CPU
		{8B296763-12DB-47A0-90F7-5CA73014F9E4}.Release|Any CPU.Build.0 = Release|Any CPU
	EndGlobalSection
	GlobalSection(SolutionProperties) = preSolution
		HideSolutionNode = FALSE
	EndGlobalSection
	GlobalSection(ExtensibilityGlobals) = postSolution
		SolutionGuid = {3F697DF5-355E-417C-B4B9-CAB05103F441}
	EndGlobalSection
EndGlobal
